{
    "name": "lng-storage",
    "version": "2.0.5",
    "lockfileVersion": 1,
    "requires": true,
    "dependencies": {
        "esbuild": {
            "version": "0.14.38",
            "resolved": "https://registry.npmjs.org/esbuild/-/esbuild-0.14.38.tgz",
            "integrity": "sha512-12fzJ0fsm7gVZX1YQ1InkOE5f9Tl7cgf6JPYXRJtPIoE0zkWAbHdPHVPPaLi9tYAcEBqheGzqLn/3RdTOyBfcA==",
            "dev": true,
            "requires": {
                "esbuild-android-64": "0.14.38",
                "esbuild-android-arm64": "0.14.38",
                "esbuild-darwin-64": "0.14.38",
                "esbuild-darwin-arm64": "0.14.38",
                "esbuild-freebsd-64": "0.14.38",
                "esbuild-freebsd-arm64": "0.14.38",
                "esbuild-linux-32": "0.14.38",
                "esbuild-linux-64": "0.14.38",
                "esbuild-linux-arm": "0.14.38",
                "esbuild-linux-arm64": "0.14.38",
                "esbuild-linux-mips64le": "0.14.38",
                "esbuild-linux-ppc64le": "0.14.38",
                "esbuild-linux-riscv64": "0.14.38",
                "esbuild-linux-s390x": "0.14.38",
                "esbuild-netbsd-64": "0.14.38",
                "esbuild-openbsd-64": "0.14.38",
                "esbuild-sunos-64": "0.14.38",
                "esbuild-windows-32": "0.14.38",
                "esbuild-windows-64": "0.14.38",
                "esbuild-windows-arm64": "0.14.38"
            }
        },
        "esbuild-windows-64": {
            "version": "0.14.38",
            "resolved": "https://registry.npmjs.org/esbuild-windows-64/-/esbuild-windows-64-0.14.38.tgz",
            "integrity": "sha512-Khy4wVmebnzue8aeSXLC+6clo/hRYeNIm0DyikoEqX+3w3rcvrhzpoix0S+MF9vzh6JFskkIGD7Zx47ODJNyCw==",
            "dev": true,
            "optional": true
        },
        "js-cookie": {
            "version": "3.0.1",
            "resolved": "https://registry.npmjs.org/js-cookie/-/js-cookie-3.0.1.tgz",
            "integrity": "sha512-+0rgsUXZu4ncpPxRL+lNEptWMOWl9etvPHc/koSRp6MPwpRYAhmk0dUG00J4bxVV3r9uUzfo24wW0knS07SKSw=="
        },
        "lodash.isequal": {
            "version": "4.5.0",
            "resolved": "https://registry.npmjs.org/lodash.isequal/-/lodash.isequal-4.5.0.tgz",
            "integrity": "sha1-QVxEePK8wwEgwizhDtMib30+GOA="
        },
        "prettier": {
            "version": "2.6.2",
            "resolved": "https://registry.npmjs.org/prettier/-/prettier-2.6.2.tgz",
            "integrity": "sha512-PkUpF+qoXTqhOeWL9fu7As8LXsIUZ1WYaJiY/a7McAQzxjk82OF0tibkFXVCDImZtWxbvojFjerkiLb0/q8mew==",
            "dev": true
        }
    }
}
